// !$*UTF8*$!
{
	archiveVersion = 1;
	classes = {
	};
	objectVersion = 46;
	objects = {

/* Begin PBXBuildFile section */
		1807368419ECC41B00EE4F6A /* tipsbackground.png in Resources */ = {isa = PBXBuildFile; fileRef = 1807368319ECC41B00EE4F6A /* tipsbackground.png */; };
		1807369D19ED159A00EE4F6A /* HistoryViewController.m in Sources */ = {isa = PBXBuildFile; fileRef = 1807369C19ED159A00EE4F6A /* HistoryViewController.m */; };
		1807369F19ED196B00EE4F6A /* more.png in Resources */ = {isa = PBXBuildFile; fileRef = 1807369E19ED196B00EE4F6A /* more.png */; };
		180736A319ED217300EE4F6A /* TipsHistoryTableViewCell.m in Sources */ = {isa = PBXBuildFile; fileRef = 180736A119ED217300EE4F6A /* TipsHistoryTableViewCell.m */; };
		180736A419ED217300EE4F6A /* TipsHistoryTableViewCell.xib in Resources */ = {isa = PBXBuildFile; fileRef = 180736A219ED217300EE4F6A /* TipsHistoryTableViewCell.xib */; };
		18427EBD19E6728900BFC5CD /* main.m in Sources */ = {isa = PBXBuildFile; fileRef = 18427EBC19E6728900BFC5CD /* main.m */; };
		18427EC019E6728900BFC5CD /* AppDelegate.m in Sources */ = {isa = PBXBuildFile; fileRef = 18427EBF19E6728900BFC5CD /* AppDelegate.m */; };
		18427EC319E6728900BFC5CD /* ViewController.m in Sources */ = {isa = PBXBuildFile; fileRef = 18427EC219E6728900BFC5CD /* ViewController.m */; };
		18427EC619E6728900BFC5CD /* Main.storyboard in Resources */ = {isa = PBXBuildFile; fileRef = 18427EC419E6728900BFC5CD /* Main.storyboard */; };
		18427EC819E6728900BFC5CD /* Images.xcassets in Resources */ = {isa = PBXBuildFile; fileRef = 18427EC719E6728900BFC5CD /* Images.xcassets */; };
		18427ED419E6728900BFC5CD /* Tips_NotesTests.m in Sources */ = {isa = PBXBuildFile; fileRef = 18427ED319E6728900BFC5CD /* Tips_NotesTests.m */; };
		1856825B19E6796700B5E273 /* TipsViewController.m in Sources */ = {isa = PBXBuildFile; fileRef = 1856825A19E6796700B5E273 /* TipsViewController.m */; };
		1856825E19E6797100B5E273 /* NotesViewController.m in Sources */ = {isa = PBXBuildFile; fileRef = 1856825D19E6797100B5E273 /* NotesViewController.m */; };
		1856826019E687A500B5E273 /* Tips.plist in Resources */ = {isa = PBXBuildFile; fileRef = 1856825F19E687A500B5E273 /* Tips.plist */; };
		1856826219E6881200B5E273 /* Notes.plist in Resources */ = {isa = PBXBuildFile; fileRef = 1856826119E6881200B5E273 /* Notes.plist */; };
		1856826419E6882D00B5E273 /* History.plist in Resources */ = {isa = PBXBuildFile; fileRef = 1856826319E6882D00B5E273 /* History.plist */; };
		1856826819E689A400B5E273 /* TipsTableViewCell.m in Sources */ = {isa = PBXBuildFile; fileRef = 1856826619E689A400B5E273 /* TipsTableViewCell.m */; };
		1856826919E689A400B5E273 /* TipsTableViewCell.xib in Resources */ = {isa = PBXBuildFile; fileRef = 1856826719E689A400B5E273 /* TipsTableViewCell.xib */; };
		189C767719EBA7F600F4F0D5 /* clock.png in Resources */ = {isa = PBXBuildFile; fileRef = 189C767619EBA7F600F4F0D5 /* clock.png */; };
		18B1490E19E77E9E00517F4A /* NewTipsView.m in Sources */ = {isa = PBXBuildFile; fileRef = 18B1490D19E77E9E00517F4A /* NewTipsView.m */; };
		18B1491219E7873700517F4A /* DKCircleButton.m in Sources */ = {isa = PBXBuildFile; fileRef = 18B1491119E7873700517F4A /* DKCircleButton.m */; };
		18B1491419E7C3B000517F4A /* button.png in Resources */ = {isa = PBXBuildFile; fileRef = 18B1491319E7C3B000517F4A /* button.png */; };
		18B1491619E7C64200517F4A /* button_clear.png in Resources */ = {isa = PBXBuildFile; fileRef = 18B1491519E7C64200517F4A /* button_clear.png */; };
/* End PBXBuildFile section */

/* Begin PBXContainerItemProxy section */
		18427ECE19E6728900BFC5CD /* PBXContainerItemProxy */ = {
			isa = PBXContainerItemProxy;
			containerPortal = 18427EAF19E6728900BFC5CD /* Project object */;
			proxyType = 1;
			remoteGlobalIDString = 18427EB619E6728900BFC5CD;
			remoteInfo = "Tips&Notes";
		};
/* End PBXContainerItemProxy section */

/* Begin PBXFileReference section */
		1807368319ECC41B00EE4F6A /* tipsbackground.png */ = {isa = PBXFileReference; lastKnownFileType = image.png; path = tipsbackground.png; sourceTree = "<group>"; };
		1807369B19ED159A00EE4F6A /* HistoryViewController.h */ = {isa = PBXFileReference; fileEncoding = 4; lastKnownFileType = sourcecode.c.h; path = HistoryViewController.h; sourceTree = "<group>"; };
		1807369C19ED159A00EE4F6A /* HistoryViewController.m */ = {isa = PBXFileReference; fileEncoding = 4; lastKnownFileType = sourcecode.c.objc; path = HistoryViewController.m; sourceTree = "<group>"; };
		1807369E19ED196B00EE4F6A /* more.png */ = {isa = PBXFileReference; lastKnownFileType = image.png; path = more.png; sourceTree = "<group>"; };
		180736A019ED217300EE4F6A /* TipsHistoryTableViewCell.h */ = {isa = PBXFileReference; fileEncoding = 4; lastKnownFileType = sourcecode.c.h; path = TipsHistoryTableViewCell.h; sourceTree = "<group>"; };
		180736A119ED217300EE4F6A /* TipsHistoryTableViewCell.m */ = {isa = PBXFileReference; fileEncoding = 4; lastKnownFileType = sourcecode.c.objc; path = TipsHistoryTableViewCell.m; sourceTree = "<group>"; };
		180736A219ED217300EE4F6A /* TipsHistoryTableViewCell.xib */ = {isa = PBXFileReference; fileEncoding = 4; lastKnownFileType = file.xib; path = TipsHistoryTableViewCell.xib; sourceTree = "<group>"; };
		18427EB719E6728900BFC5CD /* Tips&Notes.app */ = {isa = PBXFileReference; explicitFileType = wrapper.application; includeInIndex = 0; path = "Tips&Notes.app"; sourceTree = BUILT_PRODUCTS_DIR; };
		18427EBB19E6728900BFC5CD /* Info.plist */ = {isa = PBXFileReference; lastKnownFileType = text.plist.xml; path = Info.plist; sourceTree = "<group>"; };
		18427EBC19E6728900BFC5CD /* main.m */ = {isa = PBXFileReference; lastKnownFileType = sourcecode.c.objc; path = main.m; sourceTree = "<group>"; };
		18427EBE19E6728900BFC5CD /* AppDelegate.h */ = {isa = PBXFileReference; lastKnownFileType = sourcecode.c.h; path = AppDelegate.h; sourceTree = "<group>"; };
		18427EBF19E6728900BFC5CD /* AppDelegate.m */ = {isa = PBXFileReference; lastKnownFileType = sourcecode.c.objc; path = AppDelegate.m; sourceTree = "<group>"; };
		18427EC119E6728900BFC5CD /* ViewController.h */ = {isa = PBXFileReference; lastKnownFileType = sourcecode.c.h; path = ViewController.h; sourceTree = "<group>"; };
		18427EC219E6728900BFC5CD /* ViewController.m */ = {isa = PBXFileReference; lastKnownFileType = sourcecode.c.objc; path = ViewController.m; sourceTree = "<group>"; };
		18427EC519E6728900BFC5CD /* Base */ = {isa = PBXFileReference; lastKnownFileType = file.storyboard; name = Base; path = Base.lproj/Main.storyboard; sourceTree = "<group>"; };
		18427EC719E6728900BFC5CD /* Images.xcassets */ = {isa = PBXFileReference; lastKnownFileType = folder.assetcatalog; path = Images.xcassets; sourceTree = "<group>"; };
		18427ECD19E6728900BFC5CD /* Tips&NotesTests.xctest */ = {isa = PBXFileReference; explicitFileType = wrapper.cfbundle; includeInIndex = 0; path = "Tips&NotesTests.xctest"; sourceTree = BUILT_PRODUCTS_DIR; };
		18427ED219E6728900BFC5CD /* Info.plist */ = {isa = PBXFileReference; lastKnownFileType = text.plist.xml; path = Info.plist; sourceTree = "<group>"; };
		18427ED319E6728900BFC5CD /* Tips_NotesTests.m */ = {isa = PBXFileReference; lastKnownFileType = sourcecode.c.objc; path = Tips_NotesTests.m; sourceTree = "<group>"; };
		1856825919E6796700B5E273 /* TipsViewController.h */ = {isa = PBXFileReference; fileEncoding = 4; lastKnownFileType = sourcecode.c.h; path = TipsViewController.h; sourceTree = "<group>"; };
		1856825A19E6796700B5E273 /* TipsViewController.m */ = {isa = PBXFileReference; fileEncoding = 4; lastKnownFileType = sourcecode.c.objc; path = TipsViewController.m; sourceTree = "<group>"; };
		1856825C19E6797100B5E273 /* NotesViewController.h */ = {isa = PBXFileReference; fileEncoding = 4; lastKnownFileType = sourcecode.c.h; path = NotesViewController.h; sourceTree = "<group>"; };
		1856825D19E6797100B5E273 /* NotesViewController.m */ = {isa = PBXFileReference; fileEncoding = 4; lastKnownFileType = sourcecode.c.objc; path = NotesViewController.m; sourceTree = "<group>"; };
		1856825F19E687A500B5E273 /* Tips.plist */ = {isa = PBXFileReference; fileEncoding = 4; lastKnownFileType = text.plist.xml; path = Tips.plist; sourceTree = "<group>"; };
		1856826119E6881200B5E273 /* Notes.plist */ = {isa = PBXFileReference; fileEncoding = 4; lastKnownFileType = text.plist.xml; path = Notes.plist; sourceTree = "<group>"; };
		1856826319E6882D00B5E273 /* History.plist */ = {isa = PBXFileReference; fileEncoding = 4; lastKnownFileType = text.plist.xml; path = History.plist; sourceTree = "<group>"; };
		1856826519E689A400B5E273 /* TipsTableViewCell.h */ = {isa = PBXFileReference; fileEncoding = 4; lastKnownFileType = sourcecode.c.h; path = TipsTableViewCell.h; sourceTree = "<group>"; };
		1856826619E689A400B5E273 /* TipsTableViewCell.m */ = {isa = PBXFileReference; fileEncoding = 4; lastKnownFileType = sourcecode.c.objc; path = TipsTableViewCell.m; sourceTree = "<group>"; };
		1856826719E689A400B5E273 /* TipsTableViewCell.xib */ = {isa = PBXFileReference; fileEncoding = 4; lastKnownFileType = file.xib; path = TipsTableViewCell.xib; sourceTree = "<group>"; };
		189C767619EBA7F600F4F0D5 /* clock.png */ = {isa = PBXFileReference; lastKnownFileType = image.png; path = clock.png; sourceTree = "<group>"; };
		18B1490C19E77E9E00517F4A /* NewTipsView.h */ = {isa = PBXFileReference; fileEncoding = 4; lastKnownFileType = sourcecode.c.h; path = NewTipsView.h; sourceTree = "<group>"; };
		18B1490D19E77E9E00517F4A /* NewTipsView.m */ = {isa = PBXFileReference; fileEncoding = 4; lastKnownFileType = sourcecode.c.objc; path = NewTipsView.m; sourceTree = "<group>"; };
		18B1491019E7873700517F4A /* DKCircleButton.h */ = {isa = PBXFileReference; fileEncoding = 4; lastKnownFileType = sourcecode.c.h; path = DKCircleButton.h; sourceTree = "<group>"; };
		18B1491119E7873700517F4A /* DKCircleButton.m */ = {isa = PBXFileReference; fileEncoding = 4; lastKnownFileType = sourcecode.c.objc; path = DKCircleButton.m; sourceTree = "<group>"; };
		18B1491319E7C3B000517F4A /* button.png */ = {isa = PBXFileReference; lastKnownFileType = image.png; path = button.png; sourceTree = "<group>"; };
		18B1491519E7C64200517F4A /* button_clear.png */ = {isa = PBXFileReference; lastKnownFileType = image.png; path = button_clear.png; sourceTree = "<group>"; };
/* End PBXFileReference section */

/* Begin PBXFrameworksBuildPhase section */
		18427EB419E6728900BFC5CD /* Frameworks */ = {
			isa = PBXFrameworksBuildPhase;
			buildActionMask = 2147483647;
			files = (
			);
			runOnlyForDeploymentPostprocessing = 0;
		};
		18427ECA19E6728900BFC5CD /* Frameworks */ = {
			isa = PBXFrameworksBuildPhase;
			buildActionMask = 2147483647;
			files = (
			);
			runOnlyForDeploymentPostprocessing = 0;
		};
/* End PBXFrameworksBuildPhase section */

/* Begin PBXGroup section */
		18427EAE19E6728900BFC5CD = {
			isa = PBXGroup;
			children = (
				18427EB919E6728900BFC5CD /* Tips&Notes */,
				18427ED019E6728900BFC5CD /* Tips&NotesTests */,
				18427EB819E6728900BFC5CD /* Products */,
			);
			sourceTree = "<group>";
		};
		18427EB819E6728900BFC5CD /* Products */ = {
			isa = PBXGroup;
			children = (
				18427EB719E6728900BFC5CD /* Tips&Notes.app */,
				18427ECD19E6728900BFC5CD /* Tips&NotesTests.xctest */,
			);
			name = Products;
			sourceTree = "<group>";
		};
		18427EB919E6728900BFC5CD /* Tips&Notes */ = {
			isa = PBXGroup;
			children = (
				18B1490F19E7873700517F4A /* DKCircleButton */,
				18427EBE19E6728900BFC5CD /* AppDelegate.h */,
				18427EBF19E6728900BFC5CD /* AppDelegate.m */,
				18427EC119E6728900BFC5CD /* ViewController.h */,
				18427EC219E6728900BFC5CD /* ViewController.m */,
				1807369E19ED196B00EE4F6A /* more.png */,
				1807368319ECC41B00EE4F6A /* tipsbackground.png */,
				189C767619EBA7F600F4F0D5 /* clock.png */,
				18B1491319E7C3B000517F4A /* button.png */,
				18B1491519E7C64200517F4A /* button_clear.png */,
				18B1490A19E77DCC00517F4A /* 纸条 */,
				18B1490B19E77DD700517F4A /* 笔记 */,
				18427EC419E6728900BFC5CD /* Main.storyboard */,
				1856825F19E687A500B5E273 /* Tips.plist */,
				1856826319E6882D00B5E273 /* History.plist */,
				1856826119E6881200B5E273 /* Notes.plist */,
				18427EC719E6728900BFC5CD /* Images.xcassets */,
				18427EBA19E6728900BFC5CD /* Supporting Files */,
			);
			path = "Tips&Notes";
			sourceTree = "<group>";
		};
		18427EBA19E6728900BFC5CD /* Supporting Files */ = {
			isa = PBXGroup;
			children = (
				18427EBB19E6728900BFC5CD /* Info.plist */,
				18427EBC19E6728900BFC5CD /* main.m */,
			);
			name = "Supporting Files";
			sourceTree = "<group>";
		};
		18427ED019E6728900BFC5CD /* Tips&NotesTests */ = {
			isa = PBXGroup;
			children = (
				18427ED319E6728900BFC5CD /* Tips_NotesTests.m */,
				18427ED119E6728900BFC5CD /* Supporting Files */,
			);
			path = "Tips&NotesTests";
			sourceTree = "<group>";
		};
		18427ED119E6728900BFC5CD /* Supporting Files */ = {
			isa = PBXGroup;
			children = (
				18427ED219E6728900BFC5CD /* Info.plist */,
			);
			name = "Supporting Files";
			sourceTree = "<group>";
		};
		18B1490A19E77DCC00517F4A /* 纸条 */ = {
			isa = PBXGroup;
			children = (
				1856825919E6796700B5E273 /* TipsViewController.h */,
				1856825A19E6796700B5E273 /* TipsViewController.m */,
				1807369B19ED159A00EE4F6A /* HistoryViewController.h */,
				1807369C19ED159A00EE4F6A /* HistoryViewController.m */,
				18B1490C19E77E9E00517F4A /* NewTipsView.h */,
				18B1490D19E77E9E00517F4A /* NewTipsView.m */,
				1856826519E689A400B5E273 /* TipsTableViewCell.h */,
				1856826619E689A400B5E273 /* TipsTableViewCell.m */,
				1856826719E689A400B5E273 /* TipsTableViewCell.xib */,
				180736A019ED217300EE4F6A /* TipsHistoryTableViewCell.h */,
				180736A119ED217300EE4F6A /* TipsHistoryTableViewCell.m */,
				180736A219ED217300EE4F6A /* TipsHistoryTableViewCell.xib */,
			);
			name = "纸条";
			sourceTree = "<group>";
		};
		18B1490B19E77DD700517F4A /* 笔记 */ = {
			isa = PBXGroup;
			children = (
				1856825C19E6797100B5E273 /* NotesViewController.h */,
				1856825D19E6797100B5E273 /* NotesViewController.m */,
			);
			name = "笔记";
			sourceTree = "<group>";
		};
		18B1490F19E7873700517F4A /* DKCircleButton */ = {
			isa = PBXGroup;
			children = (
				18B1491019E7873700517F4A /* DKCircleButton.h */,
				18B1491119E7873700517F4A /* DKCircleButton.m */,
			);
			path = DKCircleButton;
			sourceTree = "<group>";
		};
/* End PBXGroup section */

/* Begin PBXNativeTarget section */
		18427EB619E6728900BFC5CD /* Tips&Notes */ = {
			isa = PBXNativeTarget;
			buildConfigurationList = 18427ED719E6728900BFC5CD /* Build configuration list for PBXNativeTarget "Tips&Notes" */;
			buildPhases = (
				18427EB319E6728900BFC5CD /* Sources */,
				18427EB419E6728900BFC5CD /* Frameworks */,
				18427EB519E6728900BFC5CD /* Resources */,
			);
			buildRules = (
			);
			dependencies = (
			);
			name = "Tips&Notes";
			productName = "Tips&Notes";
			productReference = 18427EB719E6728900BFC5CD /* Tips&Notes.app */;
			productType = "com.apple.product-type.application";
		};
		18427ECC19E6728900BFC5CD /* Tips&NotesTests */ = {
			isa = PBXNativeTarget;
			buildConfigurationList = 18427EDA19E6728900BFC5CD /* Build configuration list for PBXNativeTarget "Tips&NotesTests" */;
			buildPhases = (
				18427EC919E6728900BFC5CD /* Sources */,
				18427ECA19E6728900BFC5CD /* Frameworks */,
				18427ECB19E6728900BFC5CD /* Resources */,
			);
			buildRules = (
			);
			dependencies = (
				18427ECF19E6728900BFC5CD /* PBXTargetDependency */,
			);
			name = "Tips&NotesTests";
			productName = "Tips&NotesTests";
			productReference = 18427ECD19E6728900BFC5CD /* Tips&NotesTests.xctest */;
			productType = "com.apple.product-type.bundle.unit-test";
		};
/* End PBXNativeTarget section */

/* Begin PBXProject section */
		18427EAF19E6728900BFC5CD /* Project object */ = {
			isa = PBXProject;
			attributes = {
				LastUpgradeCheck = 0600;
				ORGANIZATIONNAME = "___GWH___";
				TargetAttributes = {
					18427EB619E6728900BFC5CD = {
						CreatedOnToolsVersion = 6.0;
					};
					18427ECC19E6728900BFC5CD = {
						CreatedOnToolsVersion = 6.0;
						TestTargetID = 18427EB619E6728900BFC5CD;
					};
				};
			};
			buildConfigurationList = 18427EB219E6728900BFC5CD /* Build configuration list for PBXProject "Tips&Notes" */;
			compatibilityVersion = "Xcode 3.2";
			developmentRegion = English;
			hasScannedForEncodings = 0;
			knownRegions = (
				en,
				Base,
			);
			mainGroup = 18427EAE19E6728900BFC5CD;
			productRefGroup = 18427EB819E6728900BFC5CD /* Products */;
			projectDirPath = "";
			projectRoot = "";
			targets = (
				18427EB619E6728900BFC5CD /* Tips&Notes */,
				18427ECC19E6728900BFC5CD /* Tips&NotesTests */,
			);
		};
/* End PBXProject section */

/* Begin PBXResourcesBuildPhase section */
		18427EB519E6728900BFC5CD /* Resources */ = {
			isa = PBXResourcesBuildPhase;
			buildActionMask = 2147483647;
			files = (
				189C767719EBA7F600F4F0D5 /* clock.png in Resources */,
				18B1491419E7C3B000517F4A /* button.png in Resources */,
				180736A419ED217300EE4F6A /* TipsHistoryTableViewCell.xib in Resources */,
				18427EC619E6728900BFC5CD /* Main.storyboard in Resources */,
				1856826019E687A500B5E273 /* Tips.plist in Resources */,
				1856826219E6881200B5E273 /* Notes.plist in Resources */,
				1807368419ECC41B00EE4F6A /* tipsbackground.png in Resources */,
				1807369F19ED196B00EE4F6A /* more.png in Resources */,
				18427EC819E6728900BFC5CD /* Images.xcassets in Resources */,
				18B1491619E7C64200517F4A /* button_clear.png in Resources */,
				1856826419E6882D00B5E273 /* History.plist in Resources */,
				1856826919E689A400B5E273 /* TipsTableViewCell.xib in Resources */,
			);
			runOnlyForDeploymentPostprocessing = 0;
		};
		18427ECB19E6728900BFC5CD /* Resources */ = {
			isa = PBXResourcesBuildPhase;
			buildActionMask = 2147483647;
			files = (
			);
			runOnlyForDeploymentPostprocessing = 0;
		};
/* End PBXResourcesBuildPhase section */

/* Begin PBXSourcesBuildPhase section */
		18427EB319E6728900BFC5CD /* Sources */ = {
			isa = PBXSourcesBuildPhase;
			buildActionMask = 2147483647;
			files = (
				18B1491219E7873700517F4A /* DKCircleButton.m in Sources */,
				18B1490E19E77E9E00517F4A /* NewTipsView.m in Sources */,
				1807369D19ED159A00EE4F6A /* HistoryViewController.m in Sources */,
				1856825E19E6797100B5E273 /* NotesViewController.m in Sources */,
				180736A319ED217300EE4F6A /* TipsHistoryTableViewCell.m in Sources */,
				18427EC319E6728900BFC5CD /* ViewController.m in Sources */,
				18427EC019E6728900BFC5CD /* AppDelegate.m in Sources */,
				1856826819E689A400B5E273 /* TipsTableViewCell.m in Sources */,
				1856825B19E6796700B5E273 /* TipsViewController.m in Sources */,
				18427EBD19E6728900BFC5CD /* main.m in Sources */,
			);
			runOnlyForDeploymentPostprocessing = 0;
		};
		18427EC919E6728900BFC5CD /* Sources */ = {
			isa = PBXSourcesBuildPhase;
			buildActionMask = 2147483647;
			files = (
				18427ED419E6728900BFC5CD /* Tips_NotesTests.m in Sources */,
			);
			runOnlyForDeploymentPostprocessing = 0;
		};
/* End PBXSourcesBuildPhase section */

/* Begin PBXTargetDependency section */
		18427ECF19E6728900BFC5CD /* PBXTargetDependency */ = {
			isa = PBXTargetDependency;
			target = 18427EB619E6728900BFC5CD /* Tips&Notes */;
			targetProxy = 18427ECE19E6728900BFC5CD /* PBXContainerItemProxy */;
		};
/* End PBXTargetDependency section */

/* Begin PBXVariantGroup section */
		18427EC419E6728900BFC5CD /* Main.storyboard */ = {
			isa = PBXVariantGroup;
			children = (
				18427EC519E6728900BFC5CD /* Base */,
			);
			name = Main.storyboard;
			sourceTree = "<group>";
		};
/* End PBXVariantGroup section */

/* Begin XCBuildConfiguration section */
		18427ED519E6728900BFC5CD /* Debug */ = {
			isa = XCBuildConfiguration;
			buildSettings = {
				ALWAYS_SEARCH_USER_PATHS = NO;
				CLANG_CXX_LANGUAGE_STANDARD = "gnu++0x";
				CLANG_CXX_LIBRARY = "libc++";
				CLANG_ENABLE_MODULES = YES;
				CLANG_ENABLE_OBJC_ARC = YES;
				CLANG_WARN_BOOL_CONVERSION = YES;
				CLANG_WARN_CONSTANT_CONVERSION = YES;
				CLANG_WARN_DIRECT_OBJC_ISA_USAGE = YES_ERROR;
				CLANG_WARN_EMPTY_BODY = YES;
				CLANG_WARN_ENUM_CONVERSION = YES;
				CLANG_WARN_INT_CONVERSION = YES;
				CLANG_WARN_OBJC_ROOT_CLASS = YES_ERROR;
				CLANG_WARN_UNREACHABLE_CODE = YES;
				CLANG_WARN__DUPLICATE_METHOD_MATCH = YES;
				"CODE_SIGN_IDENTITY[sdk=iphoneos*]" = "iPhone Developer";
				COPY_PHASE_STRIP = NO;
				ENABLE_STRICT_OBJC_MSGSEND = YES;
				GCC_C_LANGUAGE_STANDARD = gnu99;
				GCC_DYNAMIC_NO_PIC = NO;
				GCC_OPTIMIZATION_LEVEL = 0;
				GCC_PREPROCESSOR_DEFINITIONS = (
					"DEBUG=1",
					"$(inherited)",
				);
				GCC_SYMBOLS_PRIVATE_EXTERN = NO;
				GCC_WARN_64_TO_32_BIT_CONVERSION = YES;
				GCC_WARN_ABOUT_RETURN_TYPE = YES_ERROR;
				GCC_WARN_UNDECLARED_SELECTOR = YES;
				GCC_WARN_UNINITIALIZED_AUTOS = YES_AGGRESSIVE;
				GCC_WARN_UNUSED_FUNCTION = YES;
				GCC_WARN_UNUSED_VARIABLE = YES;
				IPHONEOS_DEPLOYMENT_TARGET = 7.0;
				METAL_ENABLE_DEBUG_INFO = YES;
				ONLY_ACTIVE_ARCH = YES;
				SDKROOT = iphoneos;
			};
			name = Debug;
		};
		18427ED619E6728900BFC5CD /* Release */ = {
			isa = XCBuildConfiguration;
			buildSettings = {
				ALWAYS_SEARCH_USER_PATHS = NO;
				CLANG_CXX_LANGUAGE_STANDARD = "gnu++0x";
				CLANG_CXX_LIBRARY = "libc++";
				CLANG_ENABLE_MODULES = YES;
				CLANG_ENABLE_OBJC_ARC = YES;
				CLANG_WARN_BOOL_CONVERSION = YES;
				CLANG_WARN_CONSTANT_CONVERSION = YES;
				CLANG_WARN_DIRECT_OBJC_ISA_USAGE = YES_ERROR;
				CLANG_WARN_EMPTY_BODY = YES;
				CLANG_WARN_ENUM_CONVERSION = YES;
				CLANG_WARN_INT_CONVERSION = YES;
				CLANG_WARN_OBJC_ROOT_CLASS = YES_ERROR;
				CLANG_WARN_UNREACHABLE_CODE = YES;
				CLANG_WARN__DUPLICATE_METHOD_MATCH = YES;
				"CODE_SIGN_IDENTITY[sdk=iphoneos*]" = "iPhone Developer";
				COPY_PHASE_STRIP = YES;
				ENABLE_NS_ASSERTIONS = NO;
				ENABLE_STRICT_OBJC_MSGSEND = YES;
				GCC_C_LANGUAGE_STANDARD = gnu99;
				GCC_WARN_64_TO_32_BIT_CONVERSION = YES;
				GCC_WARN_ABOUT_RETURN_TYPE = YES_ERROR;
				GCC_WARN_UNDECLARED_SELECTOR = YES;
				GCC_WARN_UNINITIALIZED_AUTOS = YES_AGGRESSIVE;
				GCC_WARN_UNUSED_FUNCTION = YES;
				GCC_WARN_UNUSED_VARIABLE = YES;
				IPHONEOS_DEPLOYMENT_TARGET = 7.0;
				METAL_ENABLE_DEBUG_INFO = NO;
				SDKROOT = iphoneos;
				VALIDATE_PRODUCT = YES;
			};
			name = Release;
		};
		18427ED819E6728900BFC5CD /* Debug */ = {
			isa = XCBuildConfiguration;
			buildSettings = {
				ASSETCATALOG_COMPILER_APPICON_NAME = AppIcon;
				ASSETCATALOG_COMPILER_LAUNCHIMAGE_NAME = LaunchImage;
				INFOPLIST_FILE = "Tips&Notes/Info.plist";
				IPHONEOS_DEPLOYMENT_TARGET = 6.1;
				LD_RUNPATH_SEARCH_PATHS = "$(inherited) @executable_path/Frameworks";
				PRODUCT_NAME = "$(TARGET_NAME)";
			};
			name = Debug;
		};
		18427ED919E6728900BFC5CD /* Release */ = {
			isa = XCBuildConfiguration;
			buildSettings = {
				ASSETCATALOG_COMPILER_APPICON_NAME = AppIcon;
				ASSETCATALOG_COMPILER_LAUNCHIMAGE_NAME = LaunchImage;
				INFOPLIST_FILE = "Tips&Notes/Info.plist";
				IPHONEOS_DEPLOYMENT_TARGET = 6.1;
				LD_RUNPATH_SEARCH_PATHS = "$(inherited) @executable_path/Frameworks";
				PRODUCT_NAME = "$(TARGET_NAME)";
			};
			name = Release;
		};
		18427EDB19E6728900BFC5CD /* Debug */ = {
			isa = XCBuildConfiguration;
			buildSettings = {
				BUNDLE_LOADER = "$(BUILT_PRODUCTS_DIR)/Tips&Notes.app/Tips&Notes";
				FRAMEWORK_SEARCH_PATHS = (
					"$(SDKROOT)/Developer/Library/Frameworks",
					"$(inherited)",
				);
				GCC_PREPROCESSOR_DEFINITIONS = (
					"DEBUG=1",
					"$(inherited)",
				);
				INFOPLIST_FILE = "Tips&NotesTests/Info.plist";
				IPHONEOS_DEPLOYMENT_TARGET = 7.0;
				LD_RUNPATH_SEARCH_PATHS = "$(inherited) @executable_path/Frameworks @loader_path/Frameworks";
				METAL_ENABLE_DEBUG_INFO = YES;
				PRODUCT_NAME = "$(TARGET_NAME)";
				TEST_HOST = "$(BUNDLE_LOADER)";
			};
			name = Debug;
		};
		18427EDC19E6728900BFC5CD /* Release */ = {
			isa = XCBuildConfiguration;
			buildSettings = {
				BUNDLE_LOADER = "$(BUILT_PRODUCTS_DIR)/Tips&Notes.app/Tips&Notes";
				FRAMEWORK_SEARCH_PATHS = (
					"$(SDKROOT)/Developer/Library/Frameworks",
					"$(inherited)",
				);
				INFOPLIST_FILE = "Tips&NotesTests/Info.plist";
				IPHONEOS_DEPLOYMENT_TARGET = 7.0;
				LD_RUNPATH_SEARCH_PATHS = "$(inherited) @executable_path/Frameworks @loader_path/Frameworks";
				METAL_ENABLE_DEBUG_INFO = NO;
				PRODUCT_NAME = "$(TARGET_NAME)";
				TEST_HOST = "$(BUNDLE_LOADER)";
			};
			name = Release;
		};
/* End XCBuildConfiguration section */

/* Begin XCConfigurationList section */
		18427EB219E6728900BFC5CD /* Build configuration list for PBXProject "Tips&Notes" */ = {
			isa = XCConfigurationList;
			buildConfigurations = (
				18427ED519E6728900BFC5CD /* Debug */,
				18427ED619E6728900BFC5CD /* Release */,
			);
			defaultConfigurationIsVisible = 0;
			defaultConfigurationName = Release;
		};
		18427ED719E6728900BFC5CD /* Build configuration list for PBXNativeTarget "Tips&Notes" */ = {
			isa = XCConfigurationList;
			buildConfigurations = (
				18427ED819E6728900BFC5CD /* Debug */,
				18427ED919E6728900BFC5CD /* Release */,
			);
			defaultConfigurationIsVisible = 0;
			defaultConfigurationName = Release;
		};
		18427EDA19E6728900BFC5CD /* Build configuration list for PBXNativeTarget "Tips&NotesTests" */ = {
			isa = XCConfigurationList;
			buildConfigurations = (
				18427EDB19E6728900BFC5CD /* Debug */,
				18427EDC19E6728900BFC5CD /* Release */,
			);
			defaultConfigurationIsVisible = 0;
			defaultConfigurationName = Release;
		};
/* End XCConfigurationList section */
	};
	rootObject = 18427EAF19E6728900BFC5CD /* Project object */;
}
